# THIS IS AN AUTOGENERATED FILE. DO NOT EDIT THIS FILE DIRECTLY.
# yarn lockfile v1


bootstrap-select@^1.13.12:
  version "1.13.12"
  resolved "https://registry.yarnpkg.com/bootstrap-select/-/bootstrap-select-1.13.12.tgz#81b9f1394cb8d7151aea16fb9030c112330dbf98"
  integrity sha512-epsPt6WpgmL9Q9Y22JFntajdhhqvCwV/JKiBZF3YFvMHK9YzzDPQft/Cjqvsgq0bhF32BlvG03Qs3qA/pVRAqQ==
